
Microsoft Visual Studio Solution File, Format Version 12.00
# Visual Studio 15
VisualStudioVersion = 15.0.27130.2010
MinimumVisualStudioVersion = 10.0.40219.1
Project("{2150E333-8FDC-42A3-9474-1A3956D46DE8}") = "EF.CodeFirst", "EF.CodeFirst", "{76247737-8657-40FD-8A3D-3D548471D99F}"
EndProject
Project("{FAE04EC0-301F-11D3-BF4B-00C04F79EFBC}") = "EntityFrameworkDemo", "EntityFrameworDemo\EntityFrameworkDemo.csproj", "{3CB48E10-1232-4BE2-B157-AF35BBB21E4C}"
EndProject
Project("{FAE04EC0-301F-11D3-BF4B-00C04F79EFBC}") = "EntityFrameworkCoreDemo", "EntityFrameworkCoreDemo\EntityFrameworkCoreDemo.csproj", "{8882BBD1-6CFF-4A04-8DBF-CD139A89C9EF}"
EndProject
Project("{FAE04EC0-301F-11D3-BF4B-00C04F79EFBC}") = "EntityFramework.Domain", "EntityFramework.Domain\EntityFramework.Domain.csproj", "{6125F0F5-CFC9-461A-9FEB-F3D76AB9BCC8}"
EndProject
Project("{FAE04EC0-301F-11D3-BF4B-00C04F79EFBC}") = "EntityFramework.Test", "EntityFramework.Test\EntityFramework.Test.csproj", "{72D98510-A987-4F9E-9BDE-C6DC24218D11}"
EndProject
Project("{2150E333-8FDC-42A3-9474-1A3956D46DE8}") = "SocketDemo", "SocketDemo", "{0D7D7A90-11B1-48E2-8C60-3EDE4E28DE23}"
EndProject
Project("{FAE04EC0-301F-11D3-BF4B-00C04F79EFBC}") = "SocketServer", "SocketServer\SocketServer.csproj", "{80012D7D-C146-4405-9F21-2401987053D1}"
EndProject
Project("{FAE04EC0-301F-11D3-BF4B-00C04F79EFBC}") = "SocketClient", "SocketClient\SocketClient.csproj", "{4B75E86D-7838-4D11-BF7D-64E0772F49EC}"
EndProject
Project("{2150E333-8FDC-42A3-9474-1A3956D46DE8}") = "PythonDemo", "PythonDemo", "{1CD251F6-3913-4522-B784-72361FCDA780}"
EndProject
Project("{888888A0-9F3D-457C-B088-3A5042F75D52}") = "PythonGrammer", "PythonGrammer\PythonGrammer.pyproj", "{CEDD9D72-DED1-449F-A7C3-89E3C9B49274}"
EndProject
Project("{2150E333-8FDC-42A3-9474-1A3956D46DE8}") = "Charp.StackExchange.Redis", "Charp.StackExchange.Redis", "{CE98AAD7-DBD3-48EC-93B3-09360AA98548}"
EndProject
Project("{9A19103F-16F7-4668-BE54-9A1E7A4F7556}") = "RedisService", "RedisService\RedisService.csproj", "{F5EAA7A6-67F9-4263-AF91-3581E03300F1}"
EndProject
Project("{2150E333-8FDC-42A3-9474-1A3956D46DE8}") = "AutoFacDemo", "AutoFacDemo", "{0FCA84EF-E2BA-40F4-96A0-C9F7FE9582D9}"
EndProject
Project("{2150E333-8FDC-42A3-9474-1A3956D46DE8}") = "DapperDemo", "DapperDemo", "{4BADEDD5-4974-46AB-8CEF-2F953FF54F5A}"
EndProject
Project("{9A19103F-16F7-4668-BE54-9A1E7A4F7556}") = "RedisClient", "RedisClient\RedisClient.csproj", "{B6548564-CC24-4F15-BB49-9266211B5665}"
EndProject
Project("{FAE04EC0-301F-11D3-BF4B-00C04F79EFBC}") = "AutoFacServer", "AutoFacServer\AutoFacServer.csproj", "{759BF37B-2620-4FB3-A467-D61188056AA5}"
EndProject
Project("{FAE04EC0-301F-11D3-BF4B-00C04F79EFBC}") = "AutoFacManager", "AutoFacManager\AutoFacManager.csproj", "{19734744-5DAC-4473-839D-7B4E2005BDED}"
EndProject
Global
	GlobalSection(SolutionConfigurationPlatforms) = preSolution
		Debug|Any CPU = Debug|Any CPU
		Release|Any CPU = Release|Any CPU
	EndGlobalSection
	GlobalSection(ProjectConfigurationPlatforms) = postSolution
		{3CB48E10-1232-4BE2-B157-AF35BBB21E4C}.Debug|Any CPU.ActiveCfg = Debug|Any CPU
		{3CB48E10-1232-4BE2-B157-AF35BBB21E4C}.Debug|Any CPU.Build.0 = Debug|Any CPU
		{3CB48E10-1232-4BE2-B157-AF35BBB21E4C}.Release|Any CPU.ActiveCfg = Release|Any CPU
		{3CB48E10-1232-4BE2-B157-AF35BBB21E4C}.Release|Any CPU.Build.0 = Release|Any CPU
		{8882BBD1-6CFF-4A04-8DBF-CD139A89C9EF}.Debug|Any CPU.ActiveCfg = Debug|Any CPU
		{8882BBD1-6CFF-4A04-8DBF-CD139A89C9EF}.Debug|Any CPU.Build.0 = Debug|Any CPU
		{8882BBD1-6CFF-4A04-8DBF-CD139A89C9EF}.Release|Any CPU.ActiveCfg = Release|Any CPU
		{8882BBD1-6CFF-4A04-8DBF-CD139A89C9EF}.Release|Any CPU.Build.0 = Release|Any CPU
		{6125F0F5-CFC9-461A-9FEB-F3D76AB9BCC8}.Debug|Any CPU.ActiveCfg = Debug|Any CPU
		{6125F0F5-CFC9-461A-9FEB-F3D76AB9BCC8}.Debug|Any CPU.Build.0 = Debug|Any CPU
		{6125F0F5-CFC9-461A-9FEB-F3D76AB9BCC8}.Release|Any CPU.ActiveCfg = Release|Any CPU
		{6125F0F5-CFC9-461A-9FEB-F3D76AB9BCC8}.Release|Any CPU.Build.0 = Release|Any CPU
		{72D98510-A987-4F9E-9BDE-C6DC24218D11}.Debug|Any CPU.ActiveCfg = Debug|Any CPU
		{72D98510-A987-4F9E-9BDE-C6DC24218D11}.Debug|Any CPU.Build.0 = Debug|Any CPU
		{72D98510-A987-4F9E-9BDE-C6DC24218D11}.Release|Any CPU.ActiveCfg = Release|Any CPU
		{72D98510-A987-4F9E-9BDE-C6DC24218D11}.Release|Any CPU.Build.0 = Release|Any CPU
		{80012D7D-C146-4405-9F21-2401987053D1}.Debug|Any CPU.ActiveCfg = Debug|Any CPU
		{80012D7D-C146-4405-9F21-2401987053D1}.Debug|Any CPU.Build.0 = Debug|Any CPU
		{80012D7D-C146-4405-9F21-2401987053D1}.Release|Any CPU.ActiveCfg = Release|Any CPU
		{80012D7D-C146-4405-9F21-2401987053D1}.Release|Any CPU.Build.0 = Release|Any CPU
		{4B75E86D-7838-4D11-BF7D-64E0772F49EC}.Debug|Any CPU.ActiveCfg = Debug|Any CPU
		{4B75E86D-7838-4D11-BF7D-64E0772F49EC}.Debug|Any CPU.Build.0 = Debug|Any CPU
		{4B75E86D-7838-4D11-BF7D-64E0772F49EC}.Release|Any CPU.ActiveCfg = Release|Any CPU
		{4B75E86D-7838-4D11-BF7D-64E0772F49EC}.Release|Any CPU.Build.0 = Release|Any CPU
		{CEDD9D72-DED1-449F-A7C3-89E3C9B49274}.Debug|Any CPU.ActiveCfg = Debug|Any CPU
		{CEDD9D72-DED1-449F-A7C3-89E3C9B49274}.Release|Any CPU.ActiveCfg = Release|Any CPU
		{F5EAA7A6-67F9-4263-AF91-3581E03300F1}.Debug|Any CPU.ActiveCfg = Debug|Any CPU
		{F5EAA7A6-67F9-4263-AF91-3581E03300F1}.Debug|Any CPU.Build.0 = Debug|Any CPU
		{F5EAA7A6-67F9-4263-AF91-3581E03300F1}.Release|Any CPU.ActiveCfg = Release|Any CPU
		{F5EAA7A6-67F9-4263-AF91-3581E03300F1}.Release|Any CPU.Build.0 = Release|Any CPU
		{B6548564-CC24-4F15-BB49-9266211B5665}.Debug|Any CPU.ActiveCfg = Debug|Any CPU
		{B6548564-CC24-4F15-BB49-9266211B5665}.Debug|Any CPU.Build.0 = Debug|Any CPU
		{B6548564-CC24-4F15-BB49-9266211B5665}.Release|Any CPU.ActiveCfg = Release|Any CPU
		{B6548564-CC24-4F15-BB49-9266211B5665}.Release|Any CPU.Build.0 = Release|Any CPU
		{759BF37B-2620-4FB3-A467-D61188056AA5}.Debug|Any CPU.ActiveCfg = Debug|Any CPU
		{759BF37B-2620-4FB3-A467-D61188056AA5}.Debug|Any CPU.Build.0 = Debug|Any CPU
		{759BF37B-2620-4FB3-A467-D61188056AA5}.Release|Any CPU.ActiveCfg = Release|Any CPU
		{759BF37B-2620-4FB3-A467-D61188056AA5}.Release|Any CPU.Build.0 = Release|Any CPU
		{19734744-5DAC-4473-839D-7B4E2005BDED}.Debug|Any CPU.ActiveCfg = Debug|Any CPU
		{19734744-5DAC-4473-839D-7B4E2005BDED}.Debug|Any CPU.Build.0 = Debug|Any CPU
		{19734744-5DAC-4473-839D-7B4E2005BDED}.Release|Any CPU.ActiveCfg = Release|Any CPU
		{19734744-5DAC-4473-839D-7B4E2005BDED}.Release|Any CPU.Build.0 = Release|Any CPU
	EndGlobalSection
	GlobalSection(SolutionProperties) = preSolution
		HideSolutionNode = FALSE
	EndGlobalSection
	GlobalSection(NestedProjects) = preSolution
		{3CB48E10-1232-4BE2-B157-AF35BBB21E4C} = {76247737-8657-40FD-8A3D-3D548471D99F}
		{8882BBD1-6CFF-4A04-8DBF-CD139A89C9EF} = {76247737-8657-40FD-8A3D-3D548471D99F}
		{6125F0F5-CFC9-461A-9FEB-F3D76AB9BCC8} = {76247737-8657-40FD-8A3D-3D548471D99F}
		{72D98510-A987-4F9E-9BDE-C6DC24218D11} = {76247737-8657-40FD-8A3D-3D548471D99F}
		{80012D7D-C146-4405-9F21-2401987053D1} = {0D7D7A90-11B1-48E2-8C60-3EDE4E28DE23}
		{4B75E86D-7838-4D11-BF7D-64E0772F49EC} = {0D7D7A90-11B1-48E2-8C60-3EDE4E28DE23}
		{CEDD9D72-DED1-449F-A7C3-89E3C9B49274} = {1CD251F6-3913-4522-B784-72361FCDA780}
		{F5EAA7A6-67F9-4263-AF91-3581E03300F1} = {CE98AAD7-DBD3-48EC-93B3-09360AA98548}
		{B6548564-CC24-4F15-BB49-9266211B5665} = {CE98AAD7-DBD3-48EC-93B3-09360AA98548}
		{759BF37B-2620-4FB3-A467-D61188056AA5} = {0FCA84EF-E2BA-40F4-96A0-C9F7FE9582D9}
		{19734744-5DAC-4473-839D-7B4E2005BDED} = {0FCA84EF-E2BA-40F4-96A0-C9F7FE9582D9}
	EndGlobalSection
	GlobalSection(ExtensibilityGlobals) = postSolution
		SolutionGuid = {3B731B82-9E1A-4036-B5FF-560882B353D0}
	EndGlobalSection
EndGlobal
